
Microsoft Visual Studio Solution File, Format Version 12.00
# Visual Studio Version 16
VisualStudioVersion = 16.0.808.7
MinimumVisualStudioVersion = 10.0.40219.1
Project("{2150E333-8FDC-42A3-9474-1A3956D46DE8}") = "Example", "Example", "{21DE41DC-4924-4377-95F6-3ED8FBBC78CB}"
EndProject
Project("{2150E333-8FDC-42A3-9474-1A3956D46DE8}") = "src", "src", "{3449086D-D9A5-486B-B2AE-E30CDE3A5B81}"
EndProject
Project("{FAE04EC0-301F-11D3-BF4B-00C04F79EFBC}") = "PizzlyConnector", "Connector\PizzlyConnector.csproj", "{15DDE082-3E32-41EE-A271-D3D684BA6DC5}"
EndProject
Project("{2150E333-8FDC-42A3-9474-1A3956D46DE8}") = "test", "test", "{7EE36823-B99F-4F6B-A1F1-9D5591E15F4B}"
EndProject
Project("{FAE04EC0-301F-11D3-BF4B-00C04F79EFBC}") = "Connector.Test", "Connector.Test\Connector.Test.csproj", "{3F2F7A8B-A02C-416D-9A9F-810BC507DCC1}"
EndProject
Project("{FAE04EC0-301F-11D3-BF4B-00C04F79EFBC}") = "ConsoleApp.Connect", "Example\ConsoleApp.Connect\ConsoleApp.Connect.csproj", "{8A73B3F5-A25B-47AC-BF1B-9AC458549B7B}"
EndProject
Global
	GlobalSection(SolutionConfigurationPlatforms) = preSolution
		Debug|Any CPU = Debug|Any CPU
		Release|Any CPU = Release|Any CPU
	EndGlobalSection
	GlobalSection(ProjectConfigurationPlatforms) = postSolution
		{15DDE082-3E32-41EE-A271-D3D684BA6DC5}.Debug|Any CPU.ActiveCfg = Debug|Any CPU
		{15DDE082-3E32-41EE-A271-D3D684BA6DC5}.Debug|Any CPU.Build.0 = Debug|Any CPU
		{15DDE082-3E32-41EE-A271-D3D684BA6DC5}.Release|Any CPU.ActiveCfg = Release|Any CPU
		{15DDE082-3E32-41EE-A271-D3D684BA6DC5}.Release|Any CPU.Build.0 = Release|Any CPU
		{3F2F7A8B-A02C-416D-9A9F-810BC507DCC1}.Debug|Any CPU.ActiveCfg = Debug|Any CPU
		{3F2F7A8B-A02C-416D-9A9F-810BC507DCC1}.Debug|Any CPU.Build.0 = Debug|Any CPU
		{3F2F7A8B-A02C-416D-9A9F-810BC507DCC1}.Release|Any CPU.ActiveCfg = Release|Any CPU
		{3F2F7A8B-A02C-416D-9A9F-810BC507DCC1}.Release|Any CPU.Build.0 = Release|Any CPU
		{8A73B3F5-A25B-47AC-BF1B-9AC458549B7B}.Debug|Any CPU.ActiveCfg = Debug|Any CPU
		{8A73B3F5-A25B-47AC-BF1B-9AC458549B7B}.Debug|Any CPU.Build.0 = Debug|Any CPU
		{8A73B3F5-A25B-47AC-BF1B-9AC458549B7B}.Release|Any CPU.ActiveCfg = Release|Any CPU
		{8A73B3F5-A25B-47AC-BF1B-9AC458549B7B}.Release|Any CPU.Build.0 = Release|Any CPU
	EndGlobalSection
	GlobalSection(SolutionProperties) = preSolution
		HideSolutionNode = FALSE
	EndGlobalSection
	GlobalSection(ExtensibilityGlobals) = postSolution
		SolutionGuid = {F4EBCFC2-35F3-479A-97B0-8636F5A9AC05}
	EndGlobalSection
	GlobalSection(NestedProjects) = preSolution
		{15DDE082-3E32-41EE-A271-D3D684BA6DC5} = {3449086D-D9A5-486B-B2AE-E30CDE3A5B81}
		{3F2F7A8B-A02C-416D-9A9F-810BC507DCC1} = {7EE36823-B99F-4F6B-A1F1-9D5591E15F4B}
		{8A73B3F5-A25B-47AC-BF1B-9AC458549B7B} = {21DE41DC-4924-4377-95F6-3ED8FBBC78CB}
	EndGlobalSection
EndGlobal
